{
  "lockfileVersion": 1,
  "configVersion": 1,
  "workspaces": {
    "": {
      "name": "tts-webui",
      "dependencies": {
        "@gradio/client": "^2.1.0",
      },
    },
  },
  "packages": {
    "@gradio/client": ["@gradio/client@2.1.0", "", { "dependencies": { "fetch-event-stream": "^0.1.5" } }, "sha512-LyDyvpueETaZI62xbjaLa74iSrtsbib6c2uhzxML0eSYkfX553imlK5Nu9NIcwMU2+ULAsCqUCutgd0PeCumww=="],

    "fetch-event-stream": ["fetch-event-stream@0.1.6", "", {}, "sha512-GREtJ5HNikdU2AXtZ6E/5bk+aslMU6ie5mPG6H9nvsdDkkHQ6m5lHwmmmDTOBexok9hApQ7EprsXCdmz9ZC68w=="],
  }
}
